
Microsoft Visual Studio Solution File, Format Version 12.00
# Visual Studio Version 17
VisualStudioVersion = 17.7.34031.279
MinimumVisualStudioVersion = 10.0.40219.1
Project("{FAE04EC0-301F-11D3-BF4B-00C04F79EFBC}") = "Giaodien", "Giaodien\Giaodien.csproj", "{74894C52-7714-4B14-B730-22BECC5D9F10}"
EndProject
Global
	GlobalSection(SolutionConfigurationPlatforms) = preSolution
		Debug|Any CPU = Debug|Any CPU
		Release|Any CPU = Release|Any CPU
	EndGlobalSection
	GlobalSection(ProjectConfigurationPlatforms) = postSolution
		{74894C52-7714-4B14-B730-22BECC5D9F10}.Debug|Any CPU.ActiveCfg = Debug|Any CPU
		{74894C52-7714-4B14-B730-22BECC5D9F10}.Debug|Any CPU.Build.0 = Debug|Any CPU
		{74894C52-7714-4B14-B730-22BECC5D9F10}.Release|Any CPU.ActiveCfg = Release|Any CPU
		{74894C52-7714-4B14-B730-22BECC5D9F10}.Release|Any CPU.Build.0 = Release|Any CPU
	EndGlobalSection
	GlobalSection(SolutionProperties) = preSolution
		HideSolutionNode = FALSE
	EndGlobalSection
	GlobalSection(ExtensibilityGlobals) = postSolution
		SolutionGuid = {7CEB1960-D368-440A-9F88-B80F873A3885}
	EndGlobalSection
EndGlobal
